
Microsoft Visual Studio Solution File, Format Version 12.00
# Visual Studio 14
VisualStudioVersion = 14.0.25123.0
MinimumVisualStudioVersion = 10.0.40219.1
Project("{FAE04EC0-301F-11D3-BF4B-00C04F79EFBC}") = "DiseaseDatabase", "DiseaseDatabase\DiseaseDatabase.csproj", "{449B5597-08FD-47B2-A260-CDE383D39F77}"
EndProject
Project("{FAE04EC0-301F-11D3-BF4B-00C04F79EFBC}") = "Domain", "Domain\Domain.csproj", "{4ED07A70-776F-4D00-830F-00E57A64364C}"
EndProject
Project("{FAE04EC0-301F-11D3-BF4B-00C04F79EFBC}") = "DAL", "DAL\DAL.csproj", "{BC096F34-D34B-4F83-89DC-ED6178A797F2}"
EndProject
Global
	GlobalSection(SolutionConfigurationPlatforms) = preSolution
		Debug|Any CPU = Debug|Any CPU
		Release|Any CPU = Release|Any CPU
	EndGlobalSection
	GlobalSection(ProjectConfigurationPlatforms) = postSolution
		{449B5597-08FD-47B2-A260-CDE383D39F77}.Debug|Any CPU.ActiveCfg = Debug|Any CPU
		{449B5597-08FD-47B2-A260-CDE383D39F77}.Debug|Any CPU.Build.0 = Debug|Any CPU
		{449B5597-08FD-47B2-A260-CDE383D39F77}.Release|Any CPU.ActiveCfg = Release|Any CPU
		{449B5597-08FD-47B2-A260-CDE383D39F77}.Release|Any CPU.Build.0 = Release|Any CPU
		{4ED07A70-776F-4D00-830F-00E57A64364C}.Debug|Any CPU.ActiveCfg = Debug|Any CPU
		{4ED07A70-776F-4D00-830F-00E57A64364C}.Debug|Any CPU.Build.0 = Debug|Any CPU
		{4ED07A70-776F-4D00-830F-00E57A64364C}.Release|Any CPU.ActiveCfg = Release|Any CPU
		{4ED07A70-776F-4D00-830F-00E57A64364C}.Release|Any CPU.Build.0 = Release|Any CPU
		{BC096F34-D34B-4F83-89DC-ED6178A797F2}.Debug|Any CPU.ActiveCfg = Debug|Any CPU
		{BC096F34-D34B-4F83-89DC-ED6178A797F2}.Debug|Any CPU.Build.0 = Debug|Any CPU
		{BC096F34-D34B-4F83-89DC-ED6178A797F2}.Release|Any CPU.ActiveCfg = Release|Any CPU
		{BC096F34-D34B-4F83-89DC-ED6178A797F2}.Release|Any CPU.Build.0 = Release|Any CPU
	EndGlobalSection
	GlobalSection(SolutionProperties) = preSolution
		HideSolutionNode = FALSE
	EndGlobalSection
EndGlobal
